
Microsoft Visual Studio Solution File, Format Version 12.00
# Visual Studio Version 17
VisualStudioVersion = 17.5.002.0
MinimumVisualStudioVersion = 10.0.40219.1
Project("{9A19103F-16F7-4668-BE54-9A1E7A4F7556}") = "ProductsApi", "ProductsApi.csproj", "{340B9B33-9BC1-4F21-831D-5808B9B64D80}"
EndProject
Global
	GlobalSection(SolutionConfigurationPlatforms) = preSolution
		Debug|Any CPU = Debug|Any CPU
		Release|Any CPU = Release|Any CPU
	EndGlobalSection
	GlobalSection(ProjectConfigurationPlatforms) = postSolution
		{340B9B33-9BC1-4F21-831D-5808B9B64D80}.Debug|Any CPU.ActiveCfg = Debug|Any CPU
		{340B9B33-9BC1-4F21-831D-5808B9B64D80}.Debug|Any CPU.Build.0 = Debug|Any CPU
		{340B9B33-9BC1-4F21-831D-5808B9B64D80}.Release|Any CPU.ActiveCfg = Release|Any CPU
		{340B9B33-9BC1-4F21-831D-5808B9B64D80}.Release|Any CPU.Build.0 = Release|Any CPU
	EndGlobalSection
	GlobalSection(SolutionProperties) = preSolution
		HideSolutionNode = FALSE
	EndGlobalSection
	GlobalSection(ExtensibilityGlobals) = postSolution
		SolutionGuid = {7AABF44E-D6E6-4F7F-866C-2D5009679EE6}
	EndGlobalSection
EndGlobal
